
Microsoft Visual Studio Solution File, Format Version 12.00
# Visual Studio 15
VisualStudioVersion = 15.0.28307.1082
MinimumVisualStudioVersion = 10.0.40219.1
Project("{8BC9CEB8-8B4A-11D0-8D11-00A0C91BC942}") = "test5.8", "test5.8\test5.8.vcxproj", "{04292DBF-4A12-4F0B-B9D4-7581D2EB6E3F}"
EndProject
Global
	GlobalSection(SolutionConfigurationPlatforms) = preSolution
		Debug|x64 = Debug|x64
		Debug|x86 = Debug|x86
		Release|x64 = Release|x64
		Release|x86 = Release|x86
	EndGlobalSection
	GlobalSection(ProjectConfigurationPlatforms) = postSolution
		{04292DBF-4A12-4F0B-B9D4-7581D2EB6E3F}.Debug|x64.ActiveCfg = Debug|x64
		{04292DBF-4A12-4F0B-B9D4-7581D2EB6E3F}.Debug|x64.Build.0 = Debug|x64
		{04292DBF-4A12-4F0B-B9D4-7581D2EB6E3F}.Debug|x86.ActiveCfg = Debug|Win32
		{04292DBF-4A12-4F0B-B9D4-7581D2EB6E3F}.Debug|x86.Build.0 = Debug|Win32
		{04292DBF-4A12-4F0B-B9D4-7581D2EB6E3F}.Release|x64.ActiveCfg = Release|x64
		{04292DBF-4A12-4F0B-B9D4-7581D2EB6E3F}.Release|x64.Build.0 = Release|x64
		{04292DBF-4A12-4F0B-B9D4-7581D2EB6E3F}.Release|x86.ActiveCfg = Release|Win32
		{04292DBF-4A12-4F0B-B9D4-7581D2EB6E3F}.Release|x86.Build.0 = Release|Win32
	EndGlobalSection
	GlobalSection(SolutionProperties) = preSolution
		HideSolutionNode = FALSE
	EndGlobalSection
	GlobalSection(ExtensibilityGlobals) = postSolution
		SolutionGuid = {4993B461-39E2-4BBF-B8EC-43AFA45CB3F8}
	EndGlobalSection
EndGlobal
